
Microsoft Visual Studio Solution File, Format Version 12.00
# Visual Studio Version 16
VisualStudioVersion = 16.0.31624.102
MinimumVisualStudioVersion = 10.0.40219.1
Project("{FAE04EC0-301F-11D3-BF4B-00C04F79EFBC}") = "THINKBRIDGE", "THINKBRIDGE\THINKBRIDGE.csproj", "{A72C209D-D3DE-4839-A8D9-3E4249AEBCD1}"
EndProject
Global
	GlobalSection(SolutionConfigurationPlatforms) = preSolution
		Debug|Any CPU = Debug|Any CPU
		Release|Any CPU = Release|Any CPU
	EndGlobalSection
	GlobalSection(ProjectConfigurationPlatforms) = postSolution
		{A72C209D-D3DE-4839-A8D9-3E4249AEBCD1}.Debug|Any CPU.ActiveCfg = Debug|Any CPU
		{A72C209D-D3DE-4839-A8D9-3E4249AEBCD1}.Debug|Any CPU.Build.0 = Debug|Any CPU
		{A72C209D-D3DE-4839-A8D9-3E4249AEBCD1}.Release|Any CPU.ActiveCfg = Release|Any CPU
		{A72C209D-D3DE-4839-A8D9-3E4249AEBCD1}.Release|Any CPU.Build.0 = Release|Any CPU
	EndGlobalSection
	GlobalSection(SolutionProperties) = preSolution
		HideSolutionNode = FALSE
	EndGlobalSection
	GlobalSection(ExtensibilityGlobals) = postSolution
		SolutionGuid = {4CD1E863-DDDD-44AE-AC93-1A944FF83167}
	EndGlobalSection
EndGlobal
